
Microsoft Visual Studio Solution File, Format Version 12.00
# Visual Studio Version 17
VisualStudioVersion = 17.4.33205.214
MinimumVisualStudioVersion = 10.0.40219.1
Project("{FAE04EC0-301F-11D3-BF4B-00C04F79EFBC}") = "UC-8_Valid_Email", "UC-8_Valid_Email.csproj", "{2D9069FC-9545-47C5-9185-3BFB77687C80}"
EndProject
Global
	GlobalSection(SolutionConfigurationPlatforms) = preSolution
		Debug|Any CPU = Debug|Any CPU
		Release|Any CPU = Release|Any CPU
	EndGlobalSection
	GlobalSection(ProjectConfigurationPlatforms) = postSolution
		{2D9069FC-9545-47C5-9185-3BFB77687C80}.Debug|Any CPU.ActiveCfg = Debug|Any CPU
		{2D9069FC-9545-47C5-9185-3BFB77687C80}.Debug|Any CPU.Build.0 = Debug|Any CPU
		{2D9069FC-9545-47C5-9185-3BFB77687C80}.Release|Any CPU.ActiveCfg = Release|Any CPU
		{2D9069FC-9545-47C5-9185-3BFB77687C80}.Release|Any CPU.Build.0 = Release|Any CPU
	EndGlobalSection
	GlobalSection(SolutionProperties) = preSolution
		HideSolutionNode = FALSE
	EndGlobalSection
	GlobalSection(ExtensibilityGlobals) = postSolution
		SolutionGuid = {442F599B-BDFC-43B3-B49B-B489FFF94371}
	EndGlobalSection
EndGlobal
