
Microsoft Visual Studio Solution File, Format Version 12.00
# Visual Studio Version 17
VisualStudioVersion = 17.4.33205.214
MinimumVisualStudioVersion = 10.0.40219.1
Project("{FAE04EC0-301F-11D3-BF4B-00C04F79EFBC}") = "UC-7_Valid_Email", "UC-7_Valid_Email.csproj", "{F23FE3D7-8840-4247-9311-58D13D7F3029}"
EndProject
Global
	GlobalSection(SolutionConfigurationPlatforms) = preSolution
		Debug|Any CPU = Debug|Any CPU
		Release|Any CPU = Release|Any CPU
	EndGlobalSection
	GlobalSection(ProjectConfigurationPlatforms) = postSolution
		{F23FE3D7-8840-4247-9311-58D13D7F3029}.Debug|Any CPU.ActiveCfg = Debug|Any CPU
		{F23FE3D7-8840-4247-9311-58D13D7F3029}.Debug|Any CPU.Build.0 = Debug|Any CPU
		{F23FE3D7-8840-4247-9311-58D13D7F3029}.Release|Any CPU.ActiveCfg = Release|Any CPU
		{F23FE3D7-8840-4247-9311-58D13D7F3029}.Release|Any CPU.Build.0 = Release|Any CPU
	EndGlobalSection
	GlobalSection(SolutionProperties) = preSolution
		HideSolutionNode = FALSE
	EndGlobalSection
	GlobalSection(ExtensibilityGlobals) = postSolution
		SolutionGuid = {7FDEE01A-4083-4576-837F-F67E9681F6AC}
	EndGlobalSection
EndGlobal
